
Microsoft Visual Studio Solution File, Format Version 12.00
# Visual Studio Version 17
VisualStudioVersion = 17.0.31912.275
MinimumVisualStudioVersion = 10.0.40219.1
Project("{9A19103F-16F7-4668-BE54-9A1E7A4F7556}") = "U1MiNombre", "U1MiNombre\U1MiNombre.csproj", "{05DA93D6-7F2B-4BC2-98A7-E97738D391C2}"
EndProject
Project("{9A19103F-16F7-4668-BE54-9A1E7A4F7556}") = "VentanaCruz", "VentanaCruz\VentanaCruz.csproj", "{4913BF01-FBF3-47F2-8DA5-BD541466E4C7}"
EndProject
Project("{9A19103F-16F7-4668-BE54-9A1E7A4F7556}") = "Polyne", "Polyne\Polyne.csproj", "{FFBD20C5-1817-4FF2-9BC4-B01D9265A0C5}"
EndProject
Project("{9A19103F-16F7-4668-BE54-9A1E7A4F7556}") = "Tetris", "Tetris\Tetris.csproj", "{4C4E005D-79DD-4695-B27D-06A5DBF40F5B}"
EndProject
Project("{9A19103F-16F7-4668-BE54-9A1E7A4F7556}") = "Cerca", "Cerca\Cerca.csproj", "{A9BD0BE7-29D9-423F-AD6D-C7DE587FC143}"
EndProject
Project("{9A19103F-16F7-4668-BE54-9A1E7A4F7556}") = "CasaConCerca", "CasaConCerca\CasaConCerca.csproj", "{9B96AF1A-12E3-4BEF-B022-ADD3E072F1F6}"
EndProject
Project("{9A19103F-16F7-4668-BE54-9A1E7A4F7556}") = "Llave", "Llave\Llave.csproj", "{5E423F17-77DC-4472-AD20-DE02BDE631B5}"
EndProject
Project("{9A19103F-16F7-4668-BE54-9A1E7A4F7556}") = "LinearGradientBrush", "LinearGradientBrush\LinearGradientBrush.csproj", "{32219C68-EBC8-405B-B394-7AD47B7EC37C}"
EndProject
Project("{9A19103F-16F7-4668-BE54-9A1E7A4F7556}") = "Pacman", "Pacman\Pacman.csproj", "{E5D7A0F5-CEAB-42D9-8C02-C1438B877772}"
EndProject
Project("{9A19103F-16F7-4668-BE54-9A1E7A4F7556}") = "Foco", "Foco\Foco.csproj", "{BC4D89C8-CEEB-44E3-A426-67D9C69391E1}"
EndProject
Project("{9A19103F-16F7-4668-BE54-9A1E7A4F7556}") = "Avion", "Avion\Avion.csproj", "{DB8BC4CF-AB1C-4B5A-B82C-48B2EFCA006D}"
EndProject
Project("{9A19103F-16F7-4668-BE54-9A1E7A4F7556}") = "Locomotora", "Locomotora\Locomotora.csproj", "{250BF8E7-6A4E-42C8-98E2-A6C8A15AB985}"
EndProject
Project("{9A19103F-16F7-4668-BE54-9A1E7A4F7556}") = "RadialGradientBrush", "RadialGradientBrush\RadialGradientBrush.csproj", "{AB44F055-299C-43A2-B918-8FD491C527AC}"
EndProject
Project("{9A19103F-16F7-4668-BE54-9A1E7A4F7556}") = "Corazon", "Corazon\Corazon.csproj", "{AED84D09-C0F0-4C23-90F6-9D51C7323C7F}"
EndProject
Project("{9A19103F-16F7-4668-BE54-9A1E7A4F7556}") = "Sonaja", "Sonaja\Sonaja.csproj", "{4800890B-6E22-4F24-AD14-C0B08A128C55}"
EndProject
Project("{9A19103F-16F7-4668-BE54-9A1E7A4F7556}") = "Familia", "Familia\Familia.csproj", "{AF96F018-A928-4246-9C0F-289C515BE768}"
EndProject
Project("{9A19103F-16F7-4668-BE54-9A1E7A4F7556}") = "ImageBrush", "ImageBrush\ImageBrush.csproj", "{76DB190C-759C-4377-A765-218C9C91C3EB}"
EndProject
Project("{9A19103F-16F7-4668-BE54-9A1E7A4F7556}") = "Graficos", "Graficos\Graficos.csproj", "{4CC2511C-A6B4-451C-B03F-DBDC3A6981E6}"
EndProject
Project("{9A19103F-16F7-4668-BE54-9A1E7A4F7556}") = "FormasGeometricas", "FormasGeometricas\FormasGeometricas.csproj", "{762C4288-88B6-4159-A3F2-B56E812841EC}"
EndProject
Project("{9A19103F-16F7-4668-BE54-9A1E7A4F7556}") = "PenArray", "PenArray\PenArray.csproj", "{C0A6E827-7521-4B98-A51C-3BE34BC3D417}"
EndProject
Project("{9A19103F-16F7-4668-BE54-9A1E7A4F7556}") = "LogoApple", "LogoApple\LogoApple.csproj", "{7E6C72E1-2778-4499-A37B-703FB5C949A9}"
EndProject
Project("{9A19103F-16F7-4668-BE54-9A1E7A4F7556}") = "PaletaDeColores", "PaletaDeColores\PaletaDeColores.csproj", "{84737F54-6851-4060-A47C-CF84F004B4BA}"
EndProject
Project("{9A19103F-16F7-4668-BE54-9A1E7A4F7556}") = "Final U2 Corbata", "Final U2 Corbata\Final U2 Corbata.csproj", "{FB2E2EF8-597F-43E7-8167-208FD1180FAE}"
EndProject
Project("{9A19103F-16F7-4668-BE54-9A1E7A4F7556}") = "Final_U2_Picas", "Final_U2_Picas\Final_U2_Picas.csproj", "{06F1BD02-2417-4508-8094-9B44F2B38061}"
EndProject
Project("{9A19103F-16F7-4668-BE54-9A1E7A4F7556}") = "U3Transformaciones", "U3Transformaciones\U3Transformaciones.csproj", "{EF3445E0-4432-4382-9796-79FB270191AA}"
EndProject
Project("{9A19103F-16F7-4668-BE54-9A1E7A4F7556}") = "AbejaLadyBug", "AbejaLadyBug\AbejaLadyBug.csproj", "{771A890F-5A98-4839-9494-EDD2D16317FB}"
EndProject
Project("{9A19103F-16F7-4668-BE54-9A1E7A4F7556}") = "Sesgado", "Sesgado\Sesgado.csproj", "{99E5AC2B-B01B-4215-9A16-B5FD56FBC48D}"
EndProject
Project("{9A19103F-16F7-4668-BE54-9A1E7A4F7556}") = "ProyectoGrupalCartasUno", "ProyectoGrupalCartasUno\ProyectoGrupalCartasUno.csproj", "{FB52D8C0-294E-47A2-8851-8DE8FB4697BF}"
EndProject
Project("{9A19103F-16F7-4668-BE54-9A1E7A4F7556}") = "PriPanPrd", "PriPanPrd\PriPanPrd.csproj", "{CFE033CF-AA72-4F33-B173-5C49AEC37A3C}"
EndProject
Project("{9A19103F-16F7-4668-BE54-9A1E7A4F7556}") = "Animaciones", "Animaciones\Animaciones.csproj", "{B788572C-0689-443E-8EE8-DCC123C74D27}"
EndProject
Project("{2150E333-8FDC-42A3-9474-1A3956D46DE8}") = "U4 Animaciones", "U4 Animaciones", "{3955EB98-003B-4447-8EA7-C91502635ECC}"
EndProject
Project("{9A19103F-16F7-4668-BE54-9A1E7A4F7556}") = "AnimacionRectangulo", "AnimacionRectangulo\AnimacionRectangulo.csproj", "{31FD8D95-F6B7-41AD-8812-ED8F7CAE8B65}"
EndProject
Project("{9A19103F-16F7-4668-BE54-9A1E7A4F7556}") = "AnimacionEolica", "AnimacionEolica\AnimacionEolica.csproj", "{D5D23160-9F9F-44B7-9C3B-26A791724217}"
EndProject
Project("{9A19103F-16F7-4668-BE54-9A1E7A4F7556}") = "AnimacionHolaResorte", "AnimacionHolaResorte\AnimacionHolaResorte.csproj", "{98A419DD-1DD7-4B70-8CEE-E95CEDA42C34}"
EndProject
Project("{9A19103F-16F7-4668-BE54-9A1E7A4F7556}") = "PollitoAnimacion", "PollitoAnimacion\PollitoAnimacion.csproj", "{26A821B2-D9A9-416B-975B-574408CD3BED}"
EndProject
Project("{9A19103F-16F7-4668-BE54-9A1E7A4F7556}") = "LunaSolAnimacion", "LunaSolAnimacion\LunaSolAnimacion.csproj", "{5DE6046B-AD76-440D-BC90-40621613B1C8}"
EndProject
Project("{9A19103F-16F7-4668-BE54-9A1E7A4F7556}") = "ColorAnimation", "ColorAnimation\ColorAnimation.csproj", "{77064C8A-7212-4845-9186-666190D2DC4A}"
EndProject
Project("{9A19103F-16F7-4668-BE54-9A1E7A4F7556}") = "AnimacionFinal", "AnimacionFinal\AnimacionFinal.csproj", "{B078220C-B17C-48F2-90FC-B8D59FD3E574}"
EndProject
Project("{9A19103F-16F7-4668-BE54-9A1E7A4F7556}") = "AnimacionLapiz", "AnimacionLapiz\AnimacionLapiz.csproj", "{27FCAFC1-4698-4DAD-BF4B-FD85F27CDF9E}"
EndProject
Project("{FAE04EC0-301F-11D3-BF4B-00C04F79EFBC}") = "AnimacionFinalOtraOpcion", "AnimacionFinalOtraOpcion\AnimacionFinalOtraOpcion.csproj", "{ED0FA484-FB5F-4433-8A5E-705175E270CD}"
EndProject
Global
	GlobalSection(SolutionConfigurationPlatforms) = preSolution
		Debug|Any CPU = Debug|Any CPU
		Release|Any CPU = Release|Any CPU
	EndGlobalSection
	GlobalSection(ProjectConfigurationPlatforms) = postSolution
		{05DA93D6-7F2B-4BC2-98A7-E97738D391C2}.Debug|Any CPU.ActiveCfg = Debug|Any CPU
		{05DA93D6-7F2B-4BC2-98A7-E97738D391C2}.Debug|Any CPU.Build.0 = Debug|Any CPU
		{05DA93D6-7F2B-4BC2-98A7-E97738D391C2}.Release|Any CPU.ActiveCfg = Release|Any CPU
		{05DA93D6-7F2B-4BC2-98A7-E97738D391C2}.Release|Any CPU.Build.0 = Release|Any CPU
		{4913BF01-FBF3-47F2-8DA5-BD541466E4C7}.Debug|Any CPU.ActiveCfg = Debug|Any CPU
		{4913BF01-FBF3-47F2-8DA5-BD541466E4C7}.Debug|Any CPU.Build.0 = Debug|Any CPU
		{4913BF01-FBF3-47F2-8DA5-BD541466E4C7}.Release|Any CPU.ActiveCfg = Release|Any CPU
		{4913BF01-FBF3-47F2-8DA5-BD541466E4C7}.Release|Any CPU.Build.0 = Release|Any CPU
		{FFBD20C5-1817-4FF2-9BC4-B01D9265A0C5}.Debug|Any CPU.ActiveCfg = Debug|Any CPU
		{FFBD20C5-1817-4FF2-9BC4-B01D9265A0C5}.Debug|Any CPU.Build.0 = Debug|Any CPU
		{FFBD20C5-1817-4FF2-9BC4-B01D9265A0C5}.Release|Any CPU.ActiveCfg = Release|Any CPU
		{FFBD20C5-1817-4FF2-9BC4-B01D9265A0C5}.Release|Any CPU.Build.0 = Release|Any CPU
		{4C4E005D-79DD-4695-B27D-06A5DBF40F5B}.Debug|Any CPU.ActiveCfg = Debug|Any CPU
		{4C4E005D-79DD-4695-B27D-06A5DBF40F5B}.Debug|Any CPU.Build.0 = Debug|Any CPU
		{4C4E005D-79DD-4695-B27D-06A5DBF40F5B}.Release|Any CPU.ActiveCfg = Release|Any CPU
		{4C4E005D-79DD-4695-B27D-06A5DBF40F5B}.Release|Any CPU.Build.0 = Release|Any CPU
		{A9BD0BE7-29D9-423F-AD6D-C7DE587FC143}.Debug|Any CPU.ActiveCfg = Debug|Any CPU
		{A9BD0BE7-29D9-423F-AD6D-C7DE587FC143}.Debug|Any CPU.Build.0 = Debug|Any CPU
		{A9BD0BE7-29D9-423F-AD6D-C7DE587FC143}.Release|Any CPU.ActiveCfg = Release|Any CPU
		{A9BD0BE7-29D9-423F-AD6D-C7DE587FC143}.Release|Any CPU.Build.0 = Release|Any CPU
		{9B96AF1A-12E3-4BEF-B022-ADD3E072F1F6}.Debug|Any CPU.ActiveCfg = Debug|Any CPU
		{9B96AF1A-12E3-4BEF-B022-ADD3E072F1F6}.Debug|Any CPU.Build.0 = Debug|Any CPU
		{9B96AF1A-12E3-4BEF-B022-ADD3E072F1F6}.Release|Any CPU.ActiveCfg = Release|Any CPU
		{9B96AF1A-12E3-4BEF-B022-ADD3E072F1F6}.Release|Any CPU.Build.0 = Release|Any CPU
		{5E423F17-77DC-4472-AD20-DE02BDE631B5}.Debug|Any CPU.ActiveCfg = Debug|Any CPU
		{5E423F17-77DC-4472-AD20-DE02BDE631B5}.Debug|Any CPU.Build.0 = Debug|Any CPU
		{5E423F17-77DC-4472-AD20-DE02BDE631B5}.Release|Any CPU.ActiveCfg = Release|Any CPU
		{5E423F17-77DC-4472-AD20-DE02BDE631B5}.Release|Any CPU.Build.0 = Release|Any CPU
		{32219C68-EBC8-405B-B394-7AD47B7EC37C}.Debug|Any CPU.ActiveCfg = Debug|Any CPU
		{32219C68-EBC8-405B-B394-7AD47B7EC37C}.Debug|Any CPU.Build.0 = Debug|Any CPU
		{32219C68-EBC8-405B-B394-7AD47B7EC37C}.Release|Any CPU.ActiveCfg = Release|Any CPU
		{32219C68-EBC8-405B-B394-7AD47B7EC37C}.Release|Any CPU.Build.0 = Release|Any CPU
		{E5D7A0F5-CEAB-42D9-8C02-C1438B877772}.Debug|Any CPU.ActiveCfg = Debug|Any CPU
		{E5D7A0F5-CEAB-42D9-8C02-C1438B877772}.Debug|Any CPU.Build.0 = Debug|Any CPU
		{E5D7A0F5-CEAB-42D9-8C02-C1438B877772}.Release|Any CPU.ActiveCfg = Release|Any CPU
		{E5D7A0F5-CEAB-42D9-8C02-C1438B877772}.Release|Any CPU.Build.0 = Release|Any CPU
		{BC4D89C8-CEEB-44E3-A426-67D9C69391E1}.Debug|Any CPU.ActiveCfg = Debug|Any CPU
		{BC4D89C8-CEEB-44E3-A426-67D9C69391E1}.Debug|Any CPU.Build.0 = Debug|Any CPU
		{BC4D89C8-CEEB-44E3-A426-67D9C69391E1}.Release|Any CPU.ActiveCfg = Release|Any CPU
		{BC4D89C8-CEEB-44E3-A426-67D9C69391E1}.Release|Any CPU.Build.0 = Release|Any CPU
		{DB8BC4CF-AB1C-4B5A-B82C-48B2EFCA006D}.Debug|Any CPU.ActiveCfg = Debug|Any CPU
		{DB8BC4CF-AB1C-4B5A-B82C-48B2EFCA006D}.Debug|Any CPU.Build.0 = Debug|Any CPU
		{DB8BC4CF-AB1C-4B5A-B82C-48B2EFCA006D}.Release|Any CPU.ActiveCfg = Release|Any CPU
		{DB8BC4CF-AB1C-4B5A-B82C-48B2EFCA006D}.Release|Any CPU.Build.0 = Release|Any CPU
		{250BF8E7-6A4E-42C8-98E2-A6C8A15AB985}.Debug|Any CPU.ActiveCfg = Debug|Any CPU
		{250BF8E7-6A4E-42C8-98E2-A6C8A15AB985}.Debug|Any CPU.Build.0 = Debug|Any CPU
		{250BF8E7-6A4E-42C8-98E2-A6C8A15AB985}.Release|Any CPU.ActiveCfg = Release|Any CPU
		{250BF8E7-6A4E-42C8-98E2-A6C8A15AB985}.Release|Any CPU.Build.0 = Release|Any CPU
		{AB44F055-299C-43A2-B918-8FD491C527AC}.Debug|Any CPU.ActiveCfg = Debug|Any CPU
		{AB44F055-299C-43A2-B918-8FD491C527AC}.Debug|Any CPU.Build.0 = Debug|Any CPU
		{AB44F055-299C-43A2-B918-8FD491C527AC}.Release|Any CPU.ActiveCfg = Release|Any CPU
		{AB44F055-299C-43A2-B918-8FD491C527AC}.Release|Any CPU.Build.0 = Release|Any CPU
		{AED84D09-C0F0-4C23-90F6-9D51C7323C7F}.Debug|Any CPU.ActiveCfg = Debug|Any CPU
		{AED84D09-C0F0-4C23-90F6-9D51C7323C7F}.Debug|Any CPU.Build.0 = Debug|Any CPU
		{AED84D09-C0F0-4C23-90F6-9D51C7323C7F}.Release|Any CPU.ActiveCfg = Release|Any CPU
		{AED84D09-C0F0-4C23-90F6-9D51C7323C7F}.Release|Any CPU.Build.0 = Release|Any CPU
		{4800890B-6E22-4F24-AD14-C0B08A128C55}.Debug|Any CPU.ActiveCfg = Debug|Any CPU
		{4800890B-6E22-4F24-AD14-C0B08A128C55}.Debug|Any CPU.Build.0 = Debug|Any CPU
		{4800890B-6E22-4F24-AD14-C0B08A128C55}.Release|Any CPU.ActiveCfg = Release|Any CPU
		{4800890B-6E22-4F24-AD14-C0B08A128C55}.Release|Any CPU.Build.0 = Release|Any CPU
		{AF96F018-A928-4246-9C0F-289C515BE768}.Debug|Any CPU.ActiveCfg = Debug|Any CPU
		{AF96F018-A928-4246-9C0F-289C515BE768}.Debug|Any CPU.Build.0 = Debug|Any CPU
		{AF96F018-A928-4246-9C0F-289C515BE768}.Release|Any CPU.ActiveCfg = Release|Any CPU
		{AF96F018-A928-4246-9C0F-289C515BE768}.Release|Any CPU.Build.0 = Release|Any CPU
		{76DB190C-759C-4377-A765-218C9C91C3EB}.Debug|Any CPU.ActiveCfg = Debug|Any CPU
		{76DB190C-759C-4377-A765-218C9C91C3EB}.Debug|Any CPU.Build.0 = Debug|Any CPU
		{76DB190C-759C-4377-A765-218C9C91C3EB}.Release|Any CPU.ActiveCfg = Release|Any CPU
		{76DB190C-759C-4377-A765-218C9C91C3EB}.Release|Any CPU.Build.0 = Release|Any CPU
		{4CC2511C-A6B4-451C-B03F-DBDC3A6981E6}.Debug|Any CPU.ActiveCfg = Debug|Any CPU
		{4CC2511C-A6B4-451C-B03F-DBDC3A6981E6}.Debug|Any CPU.Build.0 = Debug|Any CPU
		{4CC2511C-A6B4-451C-B03F-DBDC3A6981E6}.Release|Any CPU.ActiveCfg = Release|Any CPU
		{4CC2511C-A6B4-451C-B03F-DBDC3A6981E6}.Release|Any CPU.Build.0 = Release|Any CPU
		{762C4288-88B6-4159-A3F2-B56E812841EC}.Debug|Any CPU.ActiveCfg = Debug|Any CPU
		{762C4288-88B6-4159-A3F2-B56E812841EC}.Debug|Any CPU.Build.0 = Debug|Any CPU
		{762C4288-88B6-4159-A3F2-B56E812841EC}.Release|Any CPU.ActiveCfg = Release|Any CPU
		{762C4288-88B6-4159-A3F2-B56E812841EC}.Release|Any CPU.Build.0 = Release|Any CPU
		{C0A6E827-7521-4B98-A51C-3BE34BC3D417}.Debug|Any CPU.ActiveCfg = Debug|Any CPU
		{C0A6E827-7521-4B98-A51C-3BE34BC3D417}.Debug|Any CPU.Build.0 = Debug|Any CPU
		{C0A6E827-7521-4B98-A51C-3BE34BC3D417}.Release|Any CPU.ActiveCfg = Release|Any CPU
		{C0A6E827-7521-4B98-A51C-3BE34BC3D417}.Release|Any CPU.Build.0 = Release|Any CPU
		{7E6C72E1-2778-4499-A37B-703FB5C949A9}.Debug|Any CPU.ActiveCfg = Debug|Any CPU
		{7E6C72E1-2778-4499-A37B-703FB5C949A9}.Debug|Any CPU.Build.0 = Debug|Any CPU
		{7E6C72E1-2778-4499-A37B-703FB5C949A9}.Release|Any CPU.ActiveCfg = Release|Any CPU
		{7E6C72E1-2778-4499-A37B-703FB5C949A9}.Release|Any CPU.Build.0 = Release|Any CPU
		{84737F54-6851-4060-A47C-CF84F004B4BA}.Debug|Any CPU.ActiveCfg = Debug|Any CPU
		{84737F54-6851-4060-A47C-CF84F004B4BA}.Debug|Any CPU.Build.0 = Debug|Any CPU
		{84737F54-6851-4060-A47C-CF84F004B4BA}.Release|Any CPU.ActiveCfg = Release|Any CPU
		{84737F54-6851-4060-A47C-CF84F004B4BA}.Release|Any CPU.Build.0 = Release|Any CPU
		{FB2E2EF8-597F-43E7-8167-208FD1180FAE}.Debug|Any CPU.ActiveCfg = Debug|Any CPU
		{FB2E2EF8-597F-43E7-8167-208FD1180FAE}.Debug|Any CPU.Build.0 = Debug|Any CPU
		{FB2E2EF8-597F-43E7-8167-208FD1180FAE}.Release|Any CPU.ActiveCfg = Release|Any CPU
		{FB2E2EF8-597F-43E7-8167-208FD1180FAE}.Release|Any CPU.Build.0 = Release|Any CPU
		{06F1BD02-2417-4508-8094-9B44F2B38061}.Debug|Any CPU.ActiveCfg = Debug|Any CPU
		{06F1BD02-2417-4508-8094-9B44F2B38061}.Debug|Any CPU.Build.0 = Debug|Any CPU
		{06F1BD02-2417-4508-8094-9B44F2B38061}.Release|Any CPU.ActiveCfg = Release|Any CPU
		{06F1BD02-2417-4508-8094-9B44F2B38061}.Release|Any CPU.Build.0 = Release|Any CPU
		{EF3445E0-4432-4382-9796-79FB270191AA}.Debug|Any CPU.ActiveCfg = Debug|Any CPU
		{EF3445E0-4432-4382-9796-79FB270191AA}.Debug|Any CPU.Build.0 = Debug|Any CPU
		{EF3445E0-4432-4382-9796-79FB270191AA}.Release|Any CPU.ActiveCfg = Release|Any CPU
		{EF3445E0-4432-4382-9796-79FB270191AA}.Release|Any CPU.Build.0 = Release|Any CPU
		{771A890F-5A98-4839-9494-EDD2D16317FB}.Debug|Any CPU.ActiveCfg = Debug|Any CPU
		{771A890F-5A98-4839-9494-EDD2D16317FB}.Debug|Any CPU.Build.0 = Debug|Any CPU
		{771A890F-5A98-4839-9494-EDD2D16317FB}.Release|Any CPU.ActiveCfg = Release|Any CPU
		{771A890F-5A98-4839-9494-EDD2D16317FB}.Release|Any CPU.Build.0 = Release|Any CPU
		{99E5AC2B-B01B-4215-9A16-B5FD56FBC48D}.Debug|Any CPU.ActiveCfg = Debug|Any CPU
		{99E5AC2B-B01B-4215-9A16-B5FD56FBC48D}.Debug|Any CPU.Build.0 = Debug|Any CPU
		{99E5AC2B-B01B-4215-9A16-B5FD56FBC48D}.Release|Any CPU.ActiveCfg = Release|Any CPU
		{99E5AC2B-B01B-4215-9A16-B5FD56FBC48D}.Release|Any CPU.Build.0 = Release|Any CPU
		{FB52D8C0-294E-47A2-8851-8DE8FB4697BF}.Debug|Any CPU.ActiveCfg = Debug|Any CPU
		{FB52D8C0-294E-47A2-8851-8DE8FB4697BF}.Debug|Any CPU.Build.0 = Debug|Any CPU
		{FB52D8C0-294E-47A2-8851-8DE8FB4697BF}.Release|Any CPU.ActiveCfg = Release|Any CPU
		{FB52D8C0-294E-47A2-8851-8DE8FB4697BF}.Release|Any CPU.Build.0 = Release|Any CPU
		{CFE033CF-AA72-4F33-B173-5C49AEC37A3C}.Debug|Any CPU.ActiveCfg = Debug|Any CPU
		{CFE033CF-AA72-4F33-B173-5C49AEC37A3C}.Debug|Any CPU.Build.0 = Debug|Any CPU
		{CFE033CF-AA72-4F33-B173-5C49AEC37A3C}.Release|Any CPU.ActiveCfg = Release|Any CPU
		{CFE033CF-AA72-4F33-B173-5C49AEC37A3C}.Release|Any CPU.Build.0 = Release|Any CPU
		{B788572C-0689-443E-8EE8-DCC123C74D27}.Debug|Any CPU.ActiveCfg = Debug|Any CPU
		{B788572C-0689-443E-8EE8-DCC123C74D27}.Debug|Any CPU.Build.0 = Debug|Any CPU
		{B788572C-0689-443E-8EE8-DCC123C74D27}.Release|Any CPU.ActiveCfg = Release|Any CPU
		{B788572C-0689-443E-8EE8-DCC123C74D27}.Release|Any CPU.Build.0 = Release|Any CPU
		{31FD8D95-F6B7-41AD-8812-ED8F7CAE8B65}.Debug|Any CPU.ActiveCfg = Debug|Any CPU
		{31FD8D95-F6B7-41AD-8812-ED8F7CAE8B65}.Debug|Any CPU.Build.0 = Debug|Any CPU
		{31FD8D95-F6B7-41AD-8812-ED8F7CAE8B65}.Release|Any CPU.ActiveCfg = Release|Any CPU
		{31FD8D95-F6B7-41AD-8812-ED8F7CAE8B65}.Release|Any CPU.Build.0 = Release|Any CPU
		{D5D23160-9F9F-44B7-9C3B-26A791724217}.Debug|Any CPU.ActiveCfg = Debug|Any CPU
		{D5D23160-9F9F-44B7-9C3B-26A791724217}.Debug|Any CPU.Build.0 = Debug|Any CPU
		{D5D23160-9F9F-44B7-9C3B-26A791724217}.Release|Any CPU.ActiveCfg = Release|Any CPU
		{D5D23160-9F9F-44B7-9C3B-26A791724217}.Release|Any CPU.Build.0 = Release|Any CPU
		{98A419DD-1DD7-4B70-8CEE-E95CEDA42C34}.Debug|Any CPU.ActiveCfg = Debug|Any CPU
		{98A419DD-1DD7-4B70-8CEE-E95CEDA42C34}.Debug|Any CPU.Build.0 = Debug|Any CPU
		{98A419DD-1DD7-4B70-8CEE-E95CEDA42C34}.Release|Any CPU.ActiveCfg = Release|Any CPU
		{98A419DD-1DD7-4B70-8CEE-E95CEDA42C34}.Release|Any CPU.Build.0 = Release|Any CPU
		{26A821B2-D9A9-416B-975B-574408CD3BED}.Debug|Any CPU.ActiveCfg = Debug|Any CPU
		{26A821B2-D9A9-416B-975B-574408CD3BED}.Debug|Any CPU.Build.0 = Debug|Any CPU
		{26A821B2-D9A9-416B-975B-574408CD3BED}.Release|Any CPU.ActiveCfg = Release|Any CPU
		{26A821B2-D9A9-416B-975B-574408CD3BED}.Release|Any CPU.Build.0 = Release|Any CPU
		{5DE6046B-AD76-440D-BC90-40621613B1C8}.Debug|Any CPU.ActiveCfg = Debug|Any CPU
		{5DE6046B-AD76-440D-BC90-40621613B1C8}.Debug|Any CPU.Build.0 = Debug|Any CPU
		{5DE6046B-AD76-440D-BC90-40621613B1C8}.Release|Any CPU.ActiveCfg = Release|Any CPU
		{5DE6046B-AD76-440D-BC90-40621613B1C8}.Release|Any CPU.Build.0 = Release|Any CPU
		{77064C8A-7212-4845-9186-666190D2DC4A}.Debug|Any CPU.ActiveCfg = Debug|Any CPU
		{77064C8A-7212-4845-9186-666190D2DC4A}.Debug|Any CPU.Build.0 = Debug|Any CPU
		{77064C8A-7212-4845-9186-666190D2DC4A}.Release|Any CPU.ActiveCfg = Release|Any CPU
		{77064C8A-7212-4845-9186-666190D2DC4A}.Release|Any CPU.Build.0 = Release|Any CPU
		{B078220C-B17C-48F2-90FC-B8D59FD3E574}.Debug|Any CPU.ActiveCfg = Debug|Any CPU
		{B078220C-B17C-48F2-90FC-B8D59FD3E574}.Debug|Any CPU.Build.0 = Debug|Any CPU
		{B078220C-B17C-48F2-90FC-B8D59FD3E574}.Release|Any CPU.ActiveCfg = Release|Any CPU
		{B078220C-B17C-48F2-90FC-B8D59FD3E574}.Release|Any CPU.Build.0 = Release|Any CPU
		{27FCAFC1-4698-4DAD-BF4B-FD85F27CDF9E}.Debug|Any CPU.ActiveCfg = Debug|Any CPU
		{27FCAFC1-4698-4DAD-BF4B-FD85F27CDF9E}.Debug|Any CPU.Build.0 = Debug|Any CPU
		{27FCAFC1-4698-4DAD-BF4B-FD85F27CDF9E}.Release|Any CPU.ActiveCfg = Release|Any CPU
		{27FCAFC1-4698-4DAD-BF4B-FD85F27CDF9E}.Release|Any CPU.Build.0 = Release|Any CPU
		{ED0FA484-FB5F-4433-8A5E-705175E270CD}.Debug|Any CPU.ActiveCfg = Debug|Any CPU
		{ED0FA484-FB5F-4433-8A5E-705175E270CD}.Debug|Any CPU.Build.0 = Debug|Any CPU
		{ED0FA484-FB5F-4433-8A5E-705175E270CD}.Release|Any CPU.ActiveCfg = Release|Any CPU
		{ED0FA484-FB5F-4433-8A5E-705175E270CD}.Release|Any CPU.Build.0 = Release|Any CPU
	EndGlobalSection
	GlobalSection(SolutionProperties) = preSolution
		HideSolutionNode = FALSE
	EndGlobalSection
	GlobalSection(NestedProjects) = preSolution
		{B788572C-0689-443E-8EE8-DCC123C74D27} = {3955EB98-003B-4447-8EA7-C91502635ECC}
		{31FD8D95-F6B7-41AD-8812-ED8F7CAE8B65} = {3955EB98-003B-4447-8EA7-C91502635ECC}
		{D5D23160-9F9F-44B7-9C3B-26A791724217} = {3955EB98-003B-4447-8EA7-C91502635ECC}
		{98A419DD-1DD7-4B70-8CEE-E95CEDA42C34} = {3955EB98-003B-4447-8EA7-C91502635ECC}
		{26A821B2-D9A9-416B-975B-574408CD3BED} = {3955EB98-003B-4447-8EA7-C91502635ECC}
		{5DE6046B-AD76-440D-BC90-40621613B1C8} = {3955EB98-003B-4447-8EA7-C91502635ECC}
		{77064C8A-7212-4845-9186-666190D2DC4A} = {3955EB98-003B-4447-8EA7-C91502635ECC}
		{B078220C-B17C-48F2-90FC-B8D59FD3E574} = {3955EB98-003B-4447-8EA7-C91502635ECC}
		{27FCAFC1-4698-4DAD-BF4B-FD85F27CDF9E} = {3955EB98-003B-4447-8EA7-C91502635ECC}
		{ED0FA484-FB5F-4433-8A5E-705175E270CD} = {3955EB98-003B-4447-8EA7-C91502635ECC}
	EndGlobalSection
	GlobalSection(ExtensibilityGlobals) = postSolution
		SolutionGuid = {D37D4502-EAE3-478F-B4AA-656270A5069C}
	EndGlobalSection
EndGlobal
